{
  "version": 4,
  "terraform_version": "0.12.13",
  "serial": 17,
  "lineage": "d9ab745c-52f0-fa7b-8fbd-58593fe5e963",
  "outputs": {},
  "resources": [
    {
      "mode": "managed",
      "type": "aws_s3_bucket",
      "name": "hosting_react_bucket",
      "provider": "provider.aws",
      "instances": [
        {
          "status": "tainted",
          "schema_version": 0,
          "attributes": {
            "acceleration_status": null,
            "acl": "public-read",
            "arn": null,
            "bucket": "wulogger-hosting-react-bucket",
            "bucket_domain_name": null,
            "bucket_prefix": null,
            "bucket_regional_domain_name": null,
            "cors_rule": [],
            "force_destroy": false,
            "hosted_zone_id": null,
            "id": "wulogger-hosting-react-bucket",
            "lifecycle_rule": [],
            "logging": [],
            "object_lock_configuration": [],
            "policy": null,
            "region": null,
            "replication_configuration": [],
            "request_payer": null,
            "server_side_encryption_configuration": [],
            "tags": {
              "name": "wulogger-hosting-react-bucket",
              "project": "wulogger"
            },
            "versioning": null,
            "website": [
              {
                "error_document": "public/index.html",
                "index_document": "public/index.html",
                "redirect_all_requests_to": "",
                "routing_rules": ""
              }
            ],
            "website_domain": null,
            "website_endpoint": null
          },
          "private": "bnVsbA=="
        }
      ]
    }
  ]
}
